
Microsoft Visual Studio Solution File, Format Version 12.00
Project("{FAE04EC0-301F-11D3-BF4B-00C04F79EFBC}") = "FitnessAppBackend", "FitnessAppBackend\FitnessAppBackend.csproj", "{1E24815A-1599-4BEB-8AC1-775C36D693FF}"
EndProject
Project("{FAE04EC0-301F-11D3-BF4B-00C04F79EFBC}") = "FitnessAppBackend.Business", "FitnessAppBackend.Business\FitnessAppBackend.Business.csproj", "{3365428D-D12C-4884-8430-D8F42752DCB2}"
EndProject
Project("{FAE04EC0-301F-11D3-BF4B-00C04F79EFBC}") = "FitnessAppBackend.Data", "FitnessAppBackend.Data\FitnessAppBackend.Data.csproj", "{1CE71BF4-51DC-4B1F-978C-E6DAE24C81F2}"
EndProject
Global
	GlobalSection(SolutionConfigurationPlatforms) = preSolution
		Debug|Any CPU = Debug|Any CPU
		Release|Any CPU = Release|Any CPU
	EndGlobalSection
	GlobalSection(ProjectConfigurationPlatforms) = postSolution
		{1E24815A-1599-4BEB-8AC1-775C36D693FF}.Debug|Any CPU.ActiveCfg = Debug|Any CPU
		{1E24815A-1599-4BEB-8AC1-775C36D693FF}.Debug|Any CPU.Build.0 = Debug|Any CPU
		{1E24815A-1599-4BEB-8AC1-775C36D693FF}.Release|Any CPU.ActiveCfg = Release|Any CPU
		{1E24815A-1599-4BEB-8AC1-775C36D693FF}.Release|Any CPU.Build.0 = Release|Any CPU
		{3365428D-D12C-4884-8430-D8F42752DCB2}.Debug|Any CPU.ActiveCfg = Debug|Any CPU
		{3365428D-D12C-4884-8430-D8F42752DCB2}.Debug|Any CPU.Build.0 = Debug|Any CPU
		{3365428D-D12C-4884-8430-D8F42752DCB2}.Release|Any CPU.ActiveCfg = Release|Any CPU
		{3365428D-D12C-4884-8430-D8F42752DCB2}.Release|Any CPU.Build.0 = Release|Any CPU
		{1CE71BF4-51DC-4B1F-978C-E6DAE24C81F2}.Debug|Any CPU.ActiveCfg = Debug|Any CPU
		{1CE71BF4-51DC-4B1F-978C-E6DAE24C81F2}.Debug|Any CPU.Build.0 = Debug|Any CPU
		{1CE71BF4-51DC-4B1F-978C-E6DAE24C81F2}.Release|Any CPU.ActiveCfg = Release|Any CPU
		{1CE71BF4-51DC-4B1F-978C-E6DAE24C81F2}.Release|Any CPU.Build.0 = Release|Any CPU
	EndGlobalSection
EndGlobal
